// !$*UTF8*$!
{
	archiveVersion = 1;
	classes = {
	};
	objectVersion = 46;
	objects = {

/* Begin PBXBuildFile section */
		AE260B4E68260AF8FF78303F /* Pods_iLoveFido.framework in Frameworks */ = {isa = PBXBuildFile; fileRef = B93C3052962C2784B1757643 /* Pods_iLoveFido.framework */; };
		BE066D921DC1637E007494C4 /* GoogleService-Info.plist in Resources */ = {isa = PBXBuildFile; fileRef = BE066D911DC1637E007494C4 /* GoogleService-Info.plist */; };
		BE4E59AA1D9C3EDE00C438B3 /* AppDelegate.swift in Sources */ = {isa = PBXBuildFile; fileRef = BE4E59A91D9C3EDE00C438B3 /* AppDelegate.swift */; };
		BE4E59AC1D9C3EDE00C438B3 /* ViewController.swift in Sources */ = {isa = PBXBuildFile; fileRef = BE4E59AB1D9C3EDE00C438B3 /* ViewController.swift */; };
		BE4E59AF1D9C3EDE00C438B3 /* Main.storyboard in Resources */ = {isa = PBXBuildFile; fileRef = BE4E59AD1D9C3EDE00C438B3 /* Main.storyboard */; };
		BE4E59B21D9C3EDE00C438B3 /* iLoveFido.xcdatamodeld in Sources */ = {isa = PBXBuildFile; fileRef = BE4E59B01D9C3EDE00C438B3 /* iLoveFido.xcdatamodeld */; };
		BE4E59B41D9C3EDE00C438B3 /* Assets.xcassets in Resources */ = {isa = PBXBuildFile; fileRef = BE4E59B31D9C3EDE00C438B3 /* Assets.xcassets */; };
		BE4E59B71D9C3EDE00C438B3 /* LaunchScreen.storyboard in Resources */ = {isa = PBXBuildFile; fileRef = BE4E59B51D9C3EDE00C438B3 /* LaunchScreen.storyboard */; };
		BE76CBB61DC2A777009B1361 /* FoodDatabase.swift in Sources */ = {isa = PBXBuildFile; fileRef = BE76CBB51DC2A777009B1361 /* FoodDatabase.swift */; };
		BECAEE661D9C552F003CDC62 /* FoodInformation.swift in Sources */ = {isa = PBXBuildFile; fileRef = BECAEE651D9C552F003CDC62 /* FoodInformation.swift */; };
		BECAEE6A1D9C5B16003CDC62 /* SearchResultViewController.swift in Sources */ = {isa = PBXBuildFile; fileRef = BECAEE691D9C5B16003CDC62 /* SearchResultViewController.swift */; };
		BECAEE6C1D9C62C7003CDC62 /* FoodDetailViewController.swift in Sources */ = {isa = PBXBuildFile; fileRef = BECAEE6B1D9C62C7003CDC62 /* FoodDetailViewController.swift */; };
/* End PBXBuildFile section */

/* Begin PBXFileReference section */
		720D7D8965B7A3184D80984E /* Pods-iLoveFido.release.xcconfig */ = {isa = PBXFileReference; includeInIndex = 1; lastKnownFileType = text.xcconfig; name = "Pods-iLoveFido.release.xcconfig"; path = "Pods/Target Support Files/Pods-iLoveFido/Pods-iLoveFido.release.xcconfig"; sourceTree = "<group>"; };
		7709E2E52876499142F1774D /* Pods-iLoveFido.debug.xcconfig */ = {isa = PBXFileReference; includeInIndex = 1; lastKnownFileType = text.xcconfig; name = "Pods-iLoveFido.debug.xcconfig"; path = "Pods/Target Support Files/Pods-iLoveFido/Pods-iLoveFido.debug.xcconfig"; sourceTree = "<group>"; };
		B93C3052962C2784B1757643 /* Pods_iLoveFido.framework */ = {isa = PBXFileReference; explicitFileType = wrapper.framework; includeInIndex = 0; path = Pods_iLoveFido.framework; sourceTree = BUILT_PRODUCTS_DIR; };
		BE066D911DC1637E007494C4 /* GoogleService-Info.plist */ = {isa = PBXFileReference; fileEncoding = 4; lastKnownFileType = text.plist.xml; path = "GoogleService-Info.plist"; sourceTree = "<group>"; };
		BE4E59A61D9C3EDE00C438B3 /* iLoveFido.app */ = {isa = PBXFileReference; explicitFileType = wrapper.application; includeInIndex = 0; path = iLoveFido.app; sourceTree = BUILT_PRODUCTS_DIR; };
		BE4E59A91D9C3EDE00C438B3 /* AppDelegate.swift */ = {isa = PBXFileReference; lastKnownFileType = sourcecode.swift; path = AppDelegate.swift; sourceTree = "<group>"; };
		BE4E59AB1D9C3EDE00C438B3 /* ViewController.swift */ = {isa = PBXFileReference; lastKnownFileType = sourcecode.swift; path = ViewController.swift; sourceTree = "<group>"; };
		BE4E59AE1D9C3EDE00C438B3 /* Base */ = {isa = PBXFileReference; lastKnownFileType = file.storyboard; name = Base; path = Base.lproj/Main.storyboard; sourceTree = "<group>"; };
		BE4E59B11D9C3EDE00C438B3 /* iLoveFido.xcdatamodel */ = {isa = PBXFileReference; lastKnownFileType = wrapper.xcdatamodel; path = iLoveFido.xcdatamodel; sourceTree = "<group>"; };
		BE4E59B31D9C3EDE00C438B3 /* Assets.xcassets */ = {isa = PBXFileReference; lastKnownFileType = folder.assetcatalog; path = Assets.xcassets; sourceTree = "<group>"; };
		BE4E59B61D9C3EDE00C438B3 /* Base */ = {isa = PBXFileReference; lastKnownFileType = file.storyboard; name = Base; path = Base.lproj/LaunchScreen.storyboard; sourceTree = "<group>"; };
		BE4E59B81D9C3EDE00C438B3 /* Info.plist */ = {isa = PBXFileReference; lastKnownFileType = text.plist.xml; path = Info.plist; sourceTree = "<group>"; };
		BE76CBB41DC24FEA009B1361 /* iLoveFido.entitlements */ = {isa = PBXFileReference; lastKnownFileType = text.plist.entitlements; path = iLoveFido.entitlements; sourceTree = "<group>"; };
		BE76CBB51DC2A777009B1361 /* FoodDatabase.swift */ = {isa = PBXFileReference; fileEncoding = 4; lastKnownFileType = sourcecode.swift; path = FoodDatabase.swift; sourceTree = "<group>"; };
		BECAEE651D9C552F003CDC62 /* FoodInformation.swift */ = {isa = PBXFileReference; fileEncoding = 4; lastKnownFileType = sourcecode.swift; path = FoodInformation.swift; sourceTree = "<group>"; };
		BECAEE691D9C5B16003CDC62 /* SearchResultViewController.swift */ = {isa = PBXFileReference; fileEncoding = 4; lastKnownFileType = sourcecode.swift; path = SearchResultViewController.swift; sourceTree = "<group>"; };
		BECAEE6B1D9C62C7003CDC62 /* FoodDetailViewController.swift */ = {isa = PBXFileReference; fileEncoding = 4; lastKnownFileType = sourcecode.swift; path = FoodDetailViewController.swift; sourceTree = "<group>"; };
/* End PBXFileReference section */

/* Begin PBXFrameworksBuildPhase section */
		BE4E59A31D9C3EDE00C438B3 /* Frameworks */ = {
			isa = PBXFrameworksBuildPhase;
			buildActionMask = 2147483647;
			files = (
				AE260B4E68260AF8FF78303F /* Pods_iLoveFido.framework in Frameworks */,
			);
			runOnlyForDeploymentPostprocessing = 0;
		};
/* End PBXFrameworksBuildPhase section */

/* Begin PBXGroup section */
		8462999BC08CAE4E08B191ED /* Pods */ = {
			isa = PBXGroup;
			children = (
				7709E2E52876499142F1774D /* Pods-iLoveFido.debug.xcconfig */,
				720D7D8965B7A3184D80984E /* Pods-iLoveFido.release.xcconfig */,
			);
			name = Pods;
			sourceTree = "<group>";
		};
		92B15649EC943C415413AB9C /* Frameworks */ = {
			isa = PBXGroup;
			children = (
				B93C3052962C2784B1757643 /* Pods_iLoveFido.framework */,
			);
			name = Frameworks;
			sourceTree = "<group>";
		};
		BE4E599D1D9C3EDE00C438B3 = {
			isa = PBXGroup;
			children = (
				BE4E59A81D9C3EDE00C438B3 /* iLoveFido */,
				BE4E59A71D9C3EDE00C438B3 /* Products */,
				8462999BC08CAE4E08B191ED /* Pods */,
				92B15649EC943C415413AB9C /* Frameworks */,
			);
			sourceTree = "<group>";
		};
		BE4E59A71D9C3EDE00C438B3 /* Products */ = {
			isa = PBXGroup;
			children = (
				BE4E59A61D9C3EDE00C438B3 /* iLoveFido.app */,
			);
			name = Products;
			sourceTree = "<group>";
		};
		BE4E59A81D9C3EDE00C438B3 /* iLoveFido */ = {
			isa = PBXGroup;
			children = (
				BE76CBB71DC2A877009B1361 /* Model */,
				BE76CBB81DC2A886009B1361 /* Controller */,
				BE4E59AD1D9C3EDE00C438B3 /* Main.storyboard */,
				BE76CBB41DC24FEA009B1361 /* iLoveFido.entitlements */,
				BE4E59A91D9C3EDE00C438B3 /* AppDelegate.swift */,
				BE4E59B31D9C3EDE00C438B3 /* Assets.xcassets */,
				BE4E59B51D9C3EDE00C438B3 /* LaunchScreen.storyboard */,
				BE4E59B81D9C3EDE00C438B3 /* Info.plist */,
				BE066D911DC1637E007494C4 /* GoogleService-Info.plist */,
				BE4E59B01D9C3EDE00C438B3 /* iLoveFido.xcdatamodeld */,
			);
			path = iLoveFido;
			sourceTree = "<group>";
		};
		BE76CBB71DC2A877009B1361 /* Model */ = {
			isa = PBXGroup;
			children = (
				BECAEE651D9C552F003CDC62 /* FoodInformation.swift */,
				BE76CBB51DC2A777009B1361 /* FoodDatabase.swift */,
			);
			name = Model;
			sourceTree = "<group>";
		};
		BE76CBB81DC2A886009B1361 /* Controller */ = {
			isa = PBXGroup;
			children = (
				BE4E59AB1D9C3EDE00C438B3 /* ViewController.swift */,
				BECAEE691D9C5B16003CDC62 /* SearchResultViewController.swift */,
				BECAEE6B1D9C62C7003CDC62 /* FoodDetailViewController.swift */,
			);
			name = Controller;
			sourceTree = "<group>";
		};
/* End PBXGroup section */

/* Begin PBXNativeTarget section */
		BE4E59A51D9C3EDE00C438B3 /* iLoveFido */ = {
			isa = PBXNativeTarget;
			buildConfigurationList = BE4E59BB1D9C3EDE00C438B3 /* Build configuration list for PBXNativeTarget "iLoveFido" */;
			buildPhases = (
				809B598A01163D4A11C909F4 /* [CP] Check Pods Manifest.lock */,
				BE4E59A21D9C3EDE00C438B3 /* Sources */,
				BE4E59A31D9C3EDE00C438B3 /* Frameworks */,
				BE4E59A41D9C3EDE00C438B3 /* Resources */,
				03917179329CDC49309821EB /* [CP] Embed Pods Frameworks */,
				D92AE2A90D8F18084BBD8227 /* [CP] Copy Pods Resources */,
			);
			buildRules = (
			);
			dependencies = (
			);
			name = iLoveFido;
			productName = iLoveFido;
			productReference = BE4E59A61D9C3EDE00C438B3 /* iLoveFido.app */;
			productType = "com.apple.product-type.application";
		};
/* End PBXNativeTarget section */

/* Begin PBXProject section */
		BE4E599E1D9C3EDE00C438B3 /* Project object */ = {
			isa = PBXProject;
			attributes = {
				LastSwiftUpdateCheck = 0800;
				LastUpgradeCheck = 0800;
				ORGANIZATIONNAME = Eldon;
				TargetAttributes = {
					BE4E59A51D9C3EDE00C438B3 = {
						CreatedOnToolsVersion = 8.0;
						DevelopmentTeam = LQY7Q4QMHY;
						LastSwiftMigration = 0800;
						ProvisioningStyle = Automatic;
						SystemCapabilities = {
							com.apple.Keychain = {
								enabled = 1;
							};
						};
					};
				};
			};
			buildConfigurationList = BE4E59A11D9C3EDE00C438B3 /* Build configuration list for PBXProject "iLoveFido" */;
			compatibilityVersion = "Xcode 3.2";
			developmentRegion = English;
			hasScannedForEncodings = 0;
			knownRegions = (
				en,
				Base,
			);
			mainGroup = BE4E599D1D9C3EDE00C438B3;
			productRefGroup = BE4E59A71D9C3EDE00C438B3 /* Products */;
			projectDirPath = "";
			projectRoot = "";
			targets = (
				BE4E59A51D9C3EDE00C438B3 /* iLoveFido */,
			);
		};
/* End PBXProject section */

/* Begin PBXResourcesBuildPhase section */
		BE4E59A41D9C3EDE00C438B3 /* Resources */ = {
			isa = PBXResourcesBuildPhase;
			buildActionMask = 2147483647;
			files = (
				BE4E59B71D9C3EDE00C438B3 /* LaunchScreen.storyboard in Resources */,
				BE066D921DC1637E007494C4 /* GoogleService-Info.plist in Resources */,
				BE4E59B41D9C3EDE00C438B3 /* Assets.xcassets in Resources */,
				BE4E59AF1D9C3EDE00C438B3 /* Main.storyboard in Resources */,
			);
			runOnlyForDeploymentPostprocessing = 0;
		};
/* End PBXResourcesBuildPhase section */

/* Begin PBXShellScriptBuildPhase section */
		03917179329CDC49309821EB /* [CP] Embed Pods Frameworks */ = {
			isa = PBXShellScriptBuildPhase;
			buildActionMask = 2147483647;
			files = (
			);
			inputPaths = (
			);
			name = "[CP] Embed Pods Frameworks";
			outputPaths = (
			);
			runOnlyForDeploymentPostprocessing = 0;
			shellPath = /bin/sh;
			shellScript = "\"${SRCROOT}/Pods/Target Support Files/Pods-iLoveFido/Pods-iLoveFido-frameworks.sh\"\n";
			showEnvVarsInLog = 0;
		};
		809B598A01163D4A11C909F4 /* [CP] Check Pods Manifest.lock */ = {
			isa = PBXShellScriptBuildPhase;
			buildActionMask = 2147483647;
			files = (
			);
			inputPaths = (
			);
			name = "[CP] Check Pods Manifest.lock";
			outputPaths = (
			);
			runOnlyForDeploymentPostprocessing = 0;
			shellPath = /bin/sh;
			shellScript = "diff \"${PODS_ROOT}/../Podfile.lock\" \"${PODS_ROOT}/Manifest.lock\" > /dev/null\nif [ $? != 0 ] ; then\n    # print error to STDERR\n    echo \"error: The sandbox is not in sync with the Podfile.lock. Run 'pod install' or update your CocoaPods installation.\" >&2\n    exit 1\nfi\n";
			showEnvVarsInLog = 0;
		};
		D92AE2A90D8F18084BBD8227 /* [CP] Copy Pods Resources */ = {
			isa = PBXShellScriptBuildPhase;
			buildActionMask = 2147483647;
			files = (
			);
			inputPaths = (
			);
			name = "[CP] Copy Pods Resources";
			outputPaths = (
			);
			runOnlyForDeploymentPostprocessing = 0;
			shellPath = /bin/sh;
			shellScript = "\"${SRCROOT}/Pods/Target Support Files/Pods-iLoveFido/Pods-iLoveFido-resources.sh\"\n";
			showEnvVarsInLog = 0;
		};
/* End PBXShellScriptBuildPhase section */

/* Begin PBXSourcesBuildPhase section */
		BE4E59A21D9C3EDE00C438B3 /* Sources */ = {
			isa = PBXSourcesBuildPhase;
			buildActionMask = 2147483647;
			files = (
				BE76CBB61DC2A777009B1361 /* FoodDatabase.swift in Sources */,
				BE4E59AC1D9C3EDE00C438B3 /* ViewController.swift in Sources */,
				BE4E59B21D9C3EDE00C438B3 /* iLoveFido.xcdatamodeld in Sources */,
				BECAEE6A1D9C5B16003CDC62 /* SearchResultViewController.swift in Sources */,
				BECAEE6C1D9C62C7003CDC62 /* FoodDetailViewController.swift in Sources */,
				BECAEE661D9C552F003CDC62 /* FoodInformation.swift in Sources */,
				BE4E59AA1D9C3EDE00C438B3 /* AppDelegate.swift in Sources */,
			);
			runOnlyForDeploymentPostprocessing = 0;
		};
/* End PBXSourcesBuildPhase section */

/* Begin PBXVariantGroup section */
		BE4E59AD1D9C3EDE00C438B3 /* Main.storyboard */ = {
			isa = PBXVariantGroup;
			children = (
				BE4E59AE1D9C3EDE00C438B3 /* Base */,
			);
			name = Main.storyboard;
			sourceTree = "<group>";
		};
		BE4E59B51D9C3EDE00C438B3 /* LaunchScreen.storyboard */ = {
			isa = PBXVariantGroup;
			children = (
				BE4E59B61D9C3EDE00C438B3 /* Base */,
			);
			name = LaunchScreen.storyboard;
			sourceTree = "<group>";
		};
/* End PBXVariantGroup section */

/* Begin XCBuildConfiguration section */
		BE4E59B91D9C3EDE00C438B3 /* Debug */ = {
			isa = XCBuildConfiguration;
			buildSettings = {
				ALWAYS_SEARCH_USER_PATHS = NO;
				CLANG_ANALYZER_NONNULL = YES;
				CLANG_CXX_LANGUAGE_STANDARD = "gnu++0x";
				CLANG_CXX_LIBRARY = "libc++";
				CLANG_ENABLE_MODULES = YES;
				CLANG_ENABLE_OBJC_ARC = YES;
				CLANG_WARN_BOOL_CONVERSION = YES;
				CLANG_WARN_CONSTANT_CONVERSION = YES;
				CLANG_WARN_DIRECT_OBJC_ISA_USAGE = YES_ERROR;
				CLANG_WARN_DOCUMENTATION_COMMENTS = YES;
				CLANG_WARN_EMPTY_BODY = YES;
				CLANG_WARN_ENUM_CONVERSION = YES;
				CLANG_WARN_INFINITE_RECURSION = YES;
				CLANG_WARN_INT_CONVERSION = YES;
				CLANG_WARN_OBJC_ROOT_CLASS = YES_ERROR;
				CLANG_WARN_SUSPICIOUS_MOVE = YES;
				CLANG_WARN_SUSPICIOUS_MOVES = YES;
				CLANG_WARN_UNREACHABLE_CODE = YES;
				CLANG_WARN__DUPLICATE_METHOD_MATCH = YES;
				"CODE_SIGN_IDENTITY[sdk=iphoneos*]" = "iPhone Developer";
				COPY_PHASE_STRIP = NO;
				DEBUG_INFORMATION_FORMAT = dwarf;
				ENABLE_STRICT_OBJC_MSGSEND = YES;
				ENABLE_TESTABILITY = YES;
				GCC_C_LANGUAGE_STANDARD = gnu99;
				GCC_DYNAMIC_NO_PIC = NO;
				GCC_NO_COMMON_BLOCKS = YES;
				GCC_OPTIMIZATION_LEVEL = 0;
				GCC_PREPROCESSOR_DEFINITIONS = (
					"DEBUG=1",
					"$(inherited)",
				);
				GCC_WARN_64_TO_32_BIT_CONVERSION = YES;
				GCC_WARN_ABOUT_RETURN_TYPE = YES_ERROR;
				GCC_WARN_UNDECLARED_SELECTOR = YES;
				GCC_WARN_UNINITIALIZED_AUTOS = YES_AGGRESSIVE;
				GCC_WARN_UNUSED_FUNCTION = YES;
				GCC_WARN_UNUSED_VARIABLE = YES;
				IPHONEOS_DEPLOYMENT_TARGET = 10.0;
				MTL_ENABLE_DEBUG_INFO = YES;
				ONLY_ACTIVE_ARCH = YES;
				SDKROOT = iphoneos;
				SWIFT_ACTIVE_COMPILATION_CONDITIONS = DEBUG;
				SWIFT_OPTIMIZATION_LEVEL = "-Onone";
			};
			name = Debug;
		};
		BE4E59BA1D9C3EDE00C438B3 /* Release */ = {
			isa = XCBuildConfiguration;
			buildSettings = {
				ALWAYS_SEARCH_USER_PATHS = NO;
				CLANG_ANALYZER_NONNULL = YES;
				CLANG_CXX_LANGUAGE_STANDARD = "gnu++0x";
				CLANG_CXX_LIBRARY = "libc++";
				CLANG_ENABLE_MODULES = YES;
				CLANG_ENABLE_OBJC_ARC = YES;
				CLANG_WARN_BOOL_CONVERSION = YES;
				CLANG_WARN_CONSTANT_CONVERSION = YES;
				CLANG_WARN_DIRECT_OBJC_ISA_USAGE = YES_ERROR;
				CLANG_WARN_DOCUMENTATION_COMMENTS = YES;
				CLANG_WARN_EMPTY_BODY = YES;
				CLANG_WARN_ENUM_CONVERSION = YES;
				CLANG_WARN_INFINITE_RECURSION = YES;
				CLANG_WARN_INT_CONVERSION = YES;
				CLANG_WARN_OBJC_ROOT_CLASS = YES_ERROR;
				CLANG_WARN_SUSPICIOUS_MOVE = YES;
				CLANG_WARN_SUSPICIOUS_MOVES = YES;
				CLANG_WARN_UNREACHABLE_CODE = YES;
				CLANG_WARN__DUPLICATE_METHOD_MATCH = YES;
				"CODE_SIGN_IDENTITY[sdk=iphoneos*]" = "iPhone Developer";
				COPY_PHASE_STRIP = NO;
				DEBUG_INFORMATION_FORMAT = "dwarf-with-dsym";
				ENABLE_NS_ASSERTIONS = NO;
				ENABLE_STRICT_OBJC_MSGSEND = YES;
				GCC_C_LANGUAGE_STANDARD = gnu99;
				GCC_NO_COMMON_BLOCKS = YES;
				GCC_WARN_64_TO_32_BIT_CONVERSION = YES;
				GCC_WARN_ABOUT_RETURN_TYPE = YES_ERROR;
				GCC_WARN_UNDECLARED_SELECTOR = YES;
				GCC_WARN_UNINITIALIZED_AUTOS = YES_AGGRESSIVE;
				GCC_WARN_UNUSED_FUNCTION = YES;
				GCC_WARN_UNUSED_VARIABLE = YES;
				IPHONEOS_DEPLOYMENT_TARGET = 10.0;
				MTL_ENABLE_DEBUG_INFO = NO;
				SDKROOT = iphoneos;
				SWIFT_OPTIMIZATION_LEVEL = "-Owholemodule";
				VALIDATE_PRODUCT = YES;
			};
			name = Release;
		};
		BE4E59BC1D9C3EDE00C438B3 /* Debug */ = {
			isa = XCBuildConfiguration;
			baseConfigurationReference = 7709E2E52876499142F1774D /* Pods-iLoveFido.debug.xcconfig */;
			buildSettings = {
				ALWAYS_EMBED_SWIFT_STANDARD_LIBRARIES = YES;
				ASSETCATALOG_COMPILER_APPICON_NAME = AppIcon;
				CODE_SIGN_ENTITLEMENTS = iLoveFido/iLoveFido.entitlements;
				DEVELOPMENT_TEAM = LQY7Q4QMHY;
				INFOPLIST_FILE = iLoveFido/Info.plist;
				LD_RUNPATH_SEARCH_PATHS = "$(inherited) @executable_path/Frameworks";
				PRODUCT_BUNDLE_IDENTIFIER = com.Eldon.iLoveFido;
				PRODUCT_NAME = "$(TARGET_NAME)";
				SWIFT_VERSION = 3.0;
				TARGETED_DEVICE_FAMILY = 1;
			};
			name = Debug;
		};
		BE4E59BD1D9C3EDE00C438B3 /* Release */ = {
			isa = XCBuildConfiguration;
			baseConfigurationReference = 720D7D8965B7A3184D80984E /* Pods-iLoveFido.release.xcconfig */;
			buildSettings = {
				ALWAYS_EMBED_SWIFT_STANDARD_LIBRARIES = YES;
				ASSETCATALOG_COMPILER_APPICON_NAME = AppIcon;
				CODE_SIGN_ENTITLEMENTS = iLoveFido/iLoveFido.entitlements;
				DEVELOPMENT_TEAM = LQY7Q4QMHY;
				INFOPLIST_FILE = iLoveFido/Info.plist;
				LD_RUNPATH_SEARCH_PATHS = "$(inherited) @executable_path/Frameworks";
				PRODUCT_BUNDLE_IDENTIFIER = com.Eldon.iLoveFido;
				PRODUCT_NAME = "$(TARGET_NAME)";
				SWIFT_VERSION = 3.0;
				TARGETED_DEVICE_FAMILY = 1;
			};
			name = Release;
		};
/* End XCBuildConfiguration section */

/* Begin XCConfigurationList section */
		BE4E59A11D9C3EDE00C438B3 /* Build configuration list for PBXProject "iLoveFido" */ = {
			isa = XCConfigurationList;
			buildConfigurations = (
				BE4E59B91D9C3EDE00C438B3 /* Debug */,
				BE4E59BA1D9C3EDE00C438B3 /* Release */,
			);
			defaultConfigurationIsVisible = 0;
			defaultConfigurationName = Release;
		};
		BE4E59BB1D9C3EDE00C438B3 /* Build configuration list for PBXNativeTarget "iLoveFido" */ = {
			isa = XCConfigurationList;
			buildConfigurations = (
				BE4E59BC1D9C3EDE00C438B3 /* Debug */,
				BE4E59BD1D9C3EDE00C438B3 /* Release */,
			);
			defaultConfigurationIsVisible = 0;
			defaultConfigurationName = Release;
		};
/* End XCConfigurationList section */

/* Begin XCVersionGroup section */
		BE4E59B01D9C3EDE00C438B3 /* iLoveFido.xcdatamodeld */ = {
			isa = XCVersionGroup;
			children = (
				BE4E59B11D9C3EDE00C438B3 /* iLoveFido.xcdatamodel */,
			);
			currentVersion = BE4E59B11D9C3EDE00C438B3 /* iLoveFido.xcdatamodel */;
			path = iLoveFido.xcdatamodeld;
			sourceTree = "<group>";
			versionGroupType = wrapper.xcdatamodel;
		};
/* End XCVersionGroup section */
	};
	rootObject = BE4E599E1D9C3EDE00C438B3 /* Project object */;
}
